
Microsoft Visual Studio Solution File, Format Version 12.00
# Visual Studio Version 16
VisualStudioVersion = 16.0.34601.136
MinimumVisualStudioVersion = 10.0.40219.1
Project("{FAE04EC0-301F-11D3-BF4B-00C04F79EFBC}") = "UpdateStudentClassPlugin", "UpdateStudentClassPlugin\UpdateStudentClassPlugin.csproj", "{481AF643-F79E-4598-A702-E69C358FF520}"
EndProject
Global
	GlobalSection(SolutionConfigurationPlatforms) = preSolution
		Debug|Any CPU = Debug|Any CPU
		Release|Any CPU = Release|Any CPU
	EndGlobalSection
	GlobalSection(ProjectConfigurationPlatforms) = postSolution
		{481AF643-F79E-4598-A702-E69C358FF520}.Debug|Any CPU.ActiveCfg = Debug|Any CPU
		{481AF643-F79E-4598-A702-E69C358FF520}.Debug|Any CPU.Build.0 = Debug|Any CPU
		{481AF643-F79E-4598-A702-E69C358FF520}.Release|Any CPU.ActiveCfg = Release|Any CPU
		{481AF643-F79E-4598-A702-E69C358FF520}.Release|Any CPU.Build.0 = Release|Any CPU
	EndGlobalSection
	GlobalSection(SolutionProperties) = preSolution
		HideSolutionNode = FALSE
	EndGlobalSection
	GlobalSection(ExtensibilityGlobals) = postSolution
		SolutionGuid = {DD0364AC-DD6F-494F-977B-D3A06D4A3EEC}
	EndGlobalSection
EndGlobal
